<?xml version="1.0" encoding="utf-8"?>
<Project ToolsVersion="4.0" xmlns="http://schemas.microsoft.com/developer/msbuild/2003">
  <ItemGroup>
    <Filter Include="Source Files">
      <UniqueIdentifier>{4FC737F1-C7A5-4376-A066-2A32D752A2FF}</UniqueIdentifier>
      <Extensions>cpp;c;cc;cxx;c++;cppm;ixx;def;odl;idl;hpj;bat;asm;asmx</Extensions>
    </Filter>
    <Filter Include="Header Files">
      <UniqueIdentifier>{93995380-89BD-4b04-88EB-625FBE52EBFB}</UniqueIdentifier>
      <Extensions>h;hh;hpp;hxx;h++;hm;inl;inc;ipp;xsd</Extensions>
    </Filter>
    <Filter Include="Resource Files">
      <UniqueIdentifier>{67DA6AB6-F800-4c08-8B7A-83BB121AAD01}</UniqueIdentifier>
      <Extensions>rc;ico;cur;bmp;dlg;rc2;rct;bin;rgs;gif;jpg;jpeg;jpe;resx;tiff;tif;png;wav;mfcribbon-ms</Extensions>
    </Filter>
  </ItemGroup>
  <ItemGroup>
    <ClCompile Include="src\BubblesMain\Main.cpp">
      <Filter>Source Files</Filter>
    </ClCompile>
    <ClCompile Include="src\Window\OpenglWindow.cpp">
      <Filter>Source Files</Filter>
    </ClCompile>
    <ClCompile Include="src\Datatypes\Vector3.cpp">
      <Filter>Source Files</Filter>
    </ClCompile>
    <ClCompile Include="src\Datatypes\Colour.cpp">
      <Filter>Source Files</Filter>
    </ClCompile>
    <ClCompile Include="src\Datatypes\Image.cpp">
      <Filter>Source Files</Filter>
    </ClCompile>
    <ClCompile Include="src\Maths\VectorMaths.cpp">
      <Filter>Source Files</Filter>
    </ClCompile>
    <ClCompile Include="src\Maths\Maths.cpp">
      <Filter>Source Files</Filter>
    </ClCompile>
    <ClCompile Include="src\RTCore\RTRay.cpp">
      <Filter>Source Files</Filter>
    </ClCompile>
    <ClCompile Include="src\RTCore\Raytrace.cpp">
      <Filter>Source Files</Filter>
    </ClCompile>
    <ClCompile Include="src\RTCore\RTScene.cpp">
      <Filter>Source Files</Filter>
    </ClCompile>
    <ClCompile Include="src\Datatypes\Vector2.cpp">
      <Filter>Source Files</Filter>
    </ClCompile>
    <ClCompile Include="src\Export\ExportPPM.cpp">
      <Filter>Source Files</Filter>
    </ClCompile>
    <ClCompile Include="src\Export\ExportBMP.cpp">
      <Filter>Source Files</Filter>
    </ClCompile>
    <ClCompile Include="src\RTCore\RTSettings.cpp">
      <Filter>Source Files</Filter>
    </ClCompile>
    <ClCompile Include="src\Cameras\PerspectiveCamera.cpp">
      <Filter>Source Files</Filter>
    </ClCompile>
    <ClCompile Include="src\RTCore\RTObjectList.cpp">
      <Filter>Source Files</Filter>
    </ClCompile>
    <ClCompile Include="src\Cameras\Camera.cpp">
      <Filter>Source Files</Filter>
    </ClCompile>
    <ClCompile Include="src\Import\Deserializer.cpp">
      <Filter>Source Files</Filter>
    </ClCompile>
    <ClCompile Include="src\RTCore\RTCollision.cpp">
      <Filter>Source Files</Filter>
    </ClCompile>
    <ClCompile Include="src\Materials\Lambert.cpp">
      <Filter>Source Files</Filter>
    </ClCompile>
    <ClCompile Include="src\Shapes\Sphere.cpp">
      <Filter>Source Files</Filter>
    </ClCompile>
    <ClCompile Include="src\Serialisation\DataNodes.cpp">
      <Filter>Source Files</Filter>
    </ClCompile>
    <ClCompile Include="src\Serialisation\Deserialiser.cpp">
      <Filter>Source Files</Filter>
    </ClCompile>
    <ClCompile Include="src\Shapes\Polygon.cpp">
      <Filter>Source Files</Filter>
    </ClCompile>
    <ClCompile Include="src\Shapes\Mesh.cpp">
      <Filter>Source Files</Filter>
    </ClCompile>
    <ClCompile Include="src\Lights\Light.cpp">
      <Filter>Source Files</Filter>
    </ClCompile>
    <ClCompile Include="src\Import\USD.cpp">
      <Filter>Source Files</Filter>
    </ClCompile>
  </ItemGroup>
  <ItemGroup>
    <ClInclude Include="src\Window\OpenglWindow.h">
      <Filter>Header Files</Filter>
    </ClInclude>
    <ClInclude Include="src\Datatypes\Vector3.h">
      <Filter>Header Files</Filter>
    </ClInclude>
    <ClInclude Include="src\Datatypes\Colour.h">
      <Filter>Header Files</Filter>
    </ClInclude>
    <ClInclude Include="src\Datatypes\Image.h">
      <Filter>Header Files</Filter>
    </ClInclude>
    <ClInclude Include="src\Maths\VectorMaths.h">
      <Filter>Header Files</Filter>
    </ClInclude>
    <ClInclude Include="src\Maths\Maths.h">
      <Filter>Header Files</Filter>
    </ClInclude>
    <ClInclude Include="src\CmdsInterface\CmdsInterface.h">
      <Filter>Header Files</Filter>
    </ClInclude>
    <ClInclude Include="src\Shapes\Sphere.h">
      <Filter>Header Files</Filter>
    </ClInclude>
    <ClInclude Include="src\Shapes\Polygon.h">
      <Filter>Header Files</Filter>
    </ClInclude>
    <ClInclude Include="src\Shapes\Mesh.h">
      <Filter>Header Files</Filter>
    </ClInclude>
    <ClInclude Include="src\RTCore\Raytrace.h">
      <Filter>Header Files</Filter>
    </ClInclude>
    <ClInclude Include="src\RTCore\RTRay.h">
      <Filter>Header Files</Filter>
    </ClInclude>
    <ClInclude Include="src\RTCore\RTSettings.h">
      <Filter>Header Files</Filter>
    </ClInclude>
    <ClInclude Include="src\RTCore\RTScene.h">
      <Filter>Header Files</Filter>
    </ClInclude>
    <ClInclude Include="src\Datatypes\Vector2.h">
      <Filter>Header Files</Filter>
    </ClInclude>
    <ClInclude Include="src\Export\Export.h">
      <Filter>Header Files</Filter>
    </ClInclude>
    <ClInclude Include="src\Shapes\Shape.h">
      <Filter>Header Files</Filter>
    </ClInclude>
    <ClInclude Include="src\Materials\Material.h">
      <Filter>Header Files</Filter>
    </ClInclude>
    <ClInclude Include="src\Cameras\PerspectiveCamera.h">
      <Filter>Header Files</Filter>
    </ClInclude>
    <ClInclude Include="src\RTCore\RTObjectList.h">
      <Filter>Header Files</Filter>
    </ClInclude>
    <ClInclude Include="src\Cameras\Camera.h">
      <Filter>Header Files</Filter>
    </ClInclude>
    <ClInclude Include="src\Import\Deserializer.h">
      <Filter>Header Files</Filter>
    </ClInclude>
    <ClInclude Include="src\RTCore\RTCollision.h">
      <Filter>Header Files</Filter>
    </ClInclude>
    <ClInclude Include="src\Materials\Lambert.h">
      <Filter>Header Files</Filter>
    </ClInclude>
    <ClInclude Include="src\Serialisation\Deserialiser.h">
      <Filter>Header Files</Filter>
    </ClInclude>
    <ClInclude Include="src\Serialisation\DataNodes.h">
      <Filter>Header Files</Filter>
    </ClInclude>
    <ClInclude Include="src\Shapes\Vertex.h">
      <Filter>Header Files</Filter>
    </ClInclude>
    <ClInclude Include="src\Lights\Light.h">
      <Filter>Header Files</Filter>
    </ClInclude>
    <ClInclude Include="src\Import\USD.h">
      <Filter>Header Files</Filter>
    </ClInclude>
  </ItemGroup>
  <ItemGroup>
    <None Include=".gitattributes" />
    <None Include=".gitignore" />
    <None Include="README.md" />
    <None Include="src\Window\GLShaders\Vertexshader.shader" />
    <None Include="src\Window\GLShaders\TextureFill.shader" />
    <None Include="Scenes\testScene.zip" />
    <None Include="Scenes\defaultScene.bubbles" />
    <None Include="RenderOutputs\RenderOutput.ppm" />
    <None Include="Scenes\test_scene_bin.usd" />
    <None Include="Scenes\test_scene_ascii.usd" />
    <None Include="Scenes\test_scene.mb" />
  </ItemGroup>
  <ItemGroup>
    <Image Include="img\Logo\icon.png">
      <Filter>Resource Files</Filter>
    </Image>
    <Image Include="img\Logo\icon%400.5x.png">
      <Filter>Resource Files</Filter>
    </Image>
    <Image Include="img\Logo\icon%402x.png">
      <Filter>Resource Files</Filter>
    </Image>
    <Image Include="img\Logo\icon_bk.png">
      <Filter>Resource Files</Filter>
    </Image>
    <Image Include="img\Logo\icon_bk%400.5x.png">
      <Filter>Resource Files</Filter>
    </Image>
    <Image Include="img\Logo\icon_bk%402x.png">
      <Filter>Resource Files</Filter>
    </Image>
    <Image Include="img\Logo\logo.png">
      <Filter>Resource Files</Filter>
    </Image>
    <Image Include="img\Logo\logo%400.5x.png">
      <Filter>Resource Files</Filter>
    </Image>
    <Image Include="img\Logo\logo%402x.png">
      <Filter>Resource Files</Filter>
    </Image>
    <Image Include="img\Logo\logo_bk.png">
      <Filter>Resource Files</Filter>
    </Image>
    <Image Include="img\Logo\logo_bk%400.5x.png">
      <Filter>Resource Files</Filter>
    </Image>
    <Image Include="img\Logo\logo_bk%402x.png">
      <Filter>Resource Files</Filter>
    </Image>
    <Image Include="img\Banner%402x.png">
      <Filter>Resource Files</Filter>
    </Image>
    <Image Include="img\Banner%404x.png">
      <Filter>Resource Files</Filter>
    </Image>
    <Image Include="img\Webimg.png">
      <Filter>Resource Files</Filter>
    </Image>
    <Image Include="img\Webimg%400.5x.png">
      <Filter>Resource Files</Filter>
    </Image>
    <Image Include="img\Webimg%402x.png">
      <Filter>Resource Files</Filter>
    </Image>
    <Image Include="img\Webimg%404x.png">
      <Filter>Resource Files</Filter>
    </Image>
    <Image Include="RenderOutputs\RenderOutput_22-06-2023.png">
      <Filter>Resource Files</Filter>
    </Image>
  </ItemGroup>
</Project>